// !$*UTF8*$!
{
	archiveVersion = 1;
	classes = {
	};
	objectVersion = 51;
	objects = {

/* Begin PBXBuildFile section */
		0845480122E1606D00D79616 /* GoogleService-Info.plist in Resources */ = {isa = PBXBuildFile; fileRef = 0845480022E1606D00D79616 /* GoogleService-Info.plist */; };
		08EF48E32334753B0015F46C /* UDManager.swift in Sources */ = {isa = PBXBuildFile; fileRef = 08EF48E22334753B0015F46C /* UDManager.swift */; };
		0B0C291D233DC80F000C1172 /* ScanAssetCheckList.swift in Sources */ = {isa = PBXBuildFile; fileRef = 0B0C291C233DC80F000C1172 /* ScanAssetCheckList.swift */; };
		0B28258A23323E9400892912 /* Document.swift in Sources */ = {isa = PBXBuildFile; fileRef = 0B28258923323E9400892912 /* Document.swift */; };
		0B3C9622235EC56F00D04982 /* Test.swift in Sources */ = {isa = PBXBuildFile; fileRef = 0B3C9621235EC56F00D04982 /* Test.swift */; };
		0B3C9624235EF1C200D04982 /* icons8-search.png in Resources */ = {isa = PBXBuildFile; fileRef = 0B3C9623235EF1C200D04982 /* icons8-search.png */; };
		0B488CDE239A9C0A009B1CFD /* GoogleDriveWrapper.swift in Sources */ = {isa = PBXBuildFile; fileRef = 0B488CDD239A9C0A009B1CFD /* GoogleDriveWrapper.swift */; };
		0B488CE8239AA612009B1CFD /* GoogleDriveView.swift in Sources */ = {isa = PBXBuildFile; fileRef = 0B488CE7239AA612009B1CFD /* GoogleDriveView.swift */; };
		0B488CEC239BEB8E009B1CFD /* GoogleDriveFileListViewController.swift in Sources */ = {isa = PBXBuildFile; fileRef = 0B488CEB239BEB8E009B1CFD /* GoogleDriveFileListViewController.swift */; };
		0B488CEE239BEBB7009B1CFD /* GoogleDriveFileListView.swift in Sources */ = {isa = PBXBuildFile; fileRef = 0B488CED239BEBB7009B1CFD /* GoogleDriveFileListView.swift */; };
		0B488CF2239D2119009B1CFD /* GoogleDriveEnum.swift in Sources */ = {isa = PBXBuildFile; fileRef = 0B488CF1239D2119009B1CFD /* GoogleDriveEnum.swift */; };
		0B49BEDB232BC98500215D86 /* Person.swift in Sources */ = {isa = PBXBuildFile; fileRef = 0B49BEDA232BC98500215D86 /* Person.swift */; };
		0B49BEDF232BCB4E00215D86 /* Locations.swift in Sources */ = {isa = PBXBuildFile; fileRef = 0B49BEDE232BCB4E00215D86 /* Locations.swift */; };
		0B49BEE1232BCB7A00215D86 /* AssetNames.swift in Sources */ = {isa = PBXBuildFile; fileRef = 0B49BEE0232BCB7A00215D86 /* AssetNames.swift */; };
		0B837B7F2352F581006A6A95 /* ScanInfoInputViewController.swift in Sources */ = {isa = PBXBuildFile; fileRef = 0B837B7E2352F581006A6A95 /* ScanInfoInputViewController.swift */; };
		0B837B812352F76F006A6A95 /* ScanAssetCheckListViewController.swift in Sources */ = {isa = PBXBuildFile; fileRef = 0B837B802352F76F006A6A95 /* ScanAssetCheckListViewController.swift */; };
		0B90CC772359535F0048715D /* RegisterViewController.swift in Sources */ = {isa = PBXBuildFile; fileRef = 0B90CC762359535F0048715D /* RegisterViewController.swift */; };
		0B90CC79235955400048715D /* RegisterView.swift in Sources */ = {isa = PBXBuildFile; fileRef = 0B90CC78235955400048715D /* RegisterView.swift */; };
		0BB2865B22FC1F11007B4E9D /* DBStore.swift in Sources */ = {isa = PBXBuildFile; fileRef = 0BB2865A22FC1F11007B4E9D /* DBStore.swift */; };
		0BB2865E22FE529B007B4E9D /* Assets.swift in Sources */ = {isa = PBXBuildFile; fileRef = 0BB2865D22FE529B007B4E9D /* Assets.swift */; };
		0BC21818231BF16200D04E47 /* Dispatch.swift in Sources */ = {isa = PBXBuildFile; fileRef = 0BC21817231BF16200D04E47 /* Dispatch.swift */; };
		0BCDE7502397F4C80050186B /* PickerView.swift in Sources */ = {isa = PBXBuildFile; fileRef = 0BCDE74F2397F4C80050186B /* PickerView.swift */; };
		0BD9A4B8238EC8C80085E9D0 /* AssetCheckView.swift in Sources */ = {isa = PBXBuildFile; fileRef = 0BD9A4B7238EC8C80085E9D0 /* AssetCheckView.swift */; };
		0BD9A4BA238EC9740085E9D0 /* AssetCheckViewController.swift in Sources */ = {isa = PBXBuildFile; fileRef = 0BD9A4B9238EC9740085E9D0 /* AssetCheckViewController.swift */; };
		19C3432867E1ABC55425AE8F /* Pods_emsTests.framework in Frameworks */ = {isa = PBXBuildFile; fileRef = 00BC9CCE9A7BC52594591B68 /* Pods_emsTests.framework */; };
		892BD7FB22AFE590005DBA8F /* AppDelegate.swift in Sources */ = {isa = PBXBuildFile; fileRef = 892BD7FA22AFE590005DBA8F /* AppDelegate.swift */; };
		892BD7FD22AFE590005DBA8F /* ViewController.swift in Sources */ = {isa = PBXBuildFile; fileRef = 892BD7FC22AFE590005DBA8F /* ViewController.swift */; };
		892BD80222AFE591005DBA8F /* Assets.xcassets in Resources */ = {isa = PBXBuildFile; fileRef = 892BD80122AFE591005DBA8F /* Assets.xcassets */; };
		892BD80522AFE591005DBA8F /* LaunchScreen.storyboard in Resources */ = {isa = PBXBuildFile; fileRef = 892BD80322AFE591005DBA8F /* LaunchScreen.storyboard */; };
		892BD81022AFE591005DBA8F /* emsTests.swift in Sources */ = {isa = PBXBuildFile; fileRef = 892BD80F22AFE591005DBA8F /* emsTests.swift */; };
		892BD81B22AFE591005DBA8F /* emsUITests.swift in Sources */ = {isa = PBXBuildFile; fileRef = 892BD81A22AFE591005DBA8F /* emsUITests.swift */; };
		892BD83E22AFEC91005DBA8F /* UIApplication.swift in Sources */ = {isa = PBXBuildFile; fileRef = 892BD83122AFEC91005DBA8F /* UIApplication.swift */; };
		892BD83F22AFEC91005DBA8F /* Array.swift in Sources */ = {isa = PBXBuildFile; fileRef = 892BD83222AFEC91005DBA8F /* Array.swift */; };
		892BD84022AFEC91005DBA8F /* UIButton.swift in Sources */ = {isa = PBXBuildFile; fileRef = 892BD83322AFEC91005DBA8F /* UIButton.swift */; };
		892BD84122AFEC91005DBA8F /* Class.swift in Sources */ = {isa = PBXBuildFile; fileRef = 892BD83422AFEC91005DBA8F /* Class.swift */; };
		892BD84222AFEC91005DBA8F /* UIBarButton.swift in Sources */ = {isa = PBXBuildFile; fileRef = 892BD83522AFEC91005DBA8F /* UIBarButton.swift */; };
		892BD84322AFEC91005DBA8F /* UICollectionView.swift in Sources */ = {isa = PBXBuildFile; fileRef = 892BD83622AFEC91005DBA8F /* UICollectionView.swift */; };
		892BD84422AFEC91005DBA8F /* UIColor.swift in Sources */ = {isa = PBXBuildFile; fileRef = 892BD83722AFEC91005DBA8F /* UIColor.swift */; };
		892BD84522AFEC91005DBA8F /* UIViewController.swift in Sources */ = {isa = PBXBuildFile; fileRef = 892BD83822AFEC91005DBA8F /* UIViewController.swift */; };
		892BD84622AFEC91005DBA8F /* CALayer.swift in Sources */ = {isa = PBXBuildFile; fileRef = 892BD83922AFEC91005DBA8F /* CALayer.swift */; };
		892BD84722AFEC91005DBA8F /* UIView.swift in Sources */ = {isa = PBXBuildFile; fileRef = 892BD83A22AFEC91005DBA8F /* UIView.swift */; };
		892BD84822AFEC91005DBA8F /* UIFont.swift in Sources */ = {isa = PBXBuildFile; fileRef = 892BD83B22AFEC91005DBA8F /* UIFont.swift */; };
		892BD84922AFEC91005DBA8F /* UITextField.swift in Sources */ = {isa = PBXBuildFile; fileRef = 892BD83C22AFEC91005DBA8F /* UITextField.swift */; };
		892BD84D22AFEDA5005DBA8F /* Localized.strings in Resources */ = {isa = PBXBuildFile; fileRef = 892BD84F22AFEDA5005DBA8F /* Localized.strings */; };
		892BD85322AFEE1D005DBA8F /* HomeViewController.swift in Sources */ = {isa = PBXBuildFile; fileRef = 892BD85222AFEE1D005DBA8F /* HomeViewController.swift */; };
		892BD85522AFEE7D005DBA8F /* R.generated.swift in Sources */ = {isa = PBXBuildFile; fileRef = 892BD85422AFEE7D005DBA8F /* R.generated.swift */; };
		892BD85722B33595005DBA8F /* HomeView.swift in Sources */ = {isa = PBXBuildFile; fileRef = 892BD85622B33595005DBA8F /* HomeView.swift */; };
		892BD85922B35C75005DBA8F /* LoadingShimmer.swift in Sources */ = {isa = PBXBuildFile; fileRef = 892BD85822B35C75005DBA8F /* LoadingShimmer.swift */; };
		892E753E232B3F2C00E7B8A4 /* icons8-delete_sign.png in Resources */ = {isa = PBXBuildFile; fileRef = 892E753D232B3F2C00E7B8A4 /* icons8-delete_sign.png */; };
		894BB3C8230E60D40055FD3D /* ScanInfoInputView.swift in Sources */ = {isa = PBXBuildFile; fileRef = 894BB3C7230E60D40055FD3D /* ScanInfoInputView.swift */; };
		8958D28422D9A3C2002337F3 /* Constants.swift in Sources */ = {isa = PBXBuildFile; fileRef = 8958D28322D9A3C2002337F3 /* Constants.swift */; };
		897AB95F22D03824006E1F70 /* InfoView.swift in Sources */ = {isa = PBXBuildFile; fileRef = 897AB95E22D03824006E1F70 /* InfoView.swift */; };
		8995F3C822C8905800830300 /* Permission.swift in Sources */ = {isa = PBXBuildFile; fileRef = 8995F3C722C8905800830300 /* Permission.swift */; };
		8995F3CA22C8A1C800830300 /* SettingViewController.swift in Sources */ = {isa = PBXBuildFile; fileRef = 8995F3C922C8A1C800830300 /* SettingViewController.swift */; };
		8995F3CC22C8A1F300830300 /* MenuViewController.swift in Sources */ = {isa = PBXBuildFile; fileRef = 8995F3CB22C8A1F300830300 /* MenuViewController.swift */; };
		8995F3CE22C8A21200830300 /* ProfileViewController.swift in Sources */ = {isa = PBXBuildFile; fileRef = 8995F3CD22C8A21200830300 /* ProfileViewController.swift */; };
		8995F3D422C8A2DF00830300 /* SettingView.swift in Sources */ = {isa = PBXBuildFile; fileRef = 8995F3D322C8A2DF00830300 /* SettingView.swift */; };
		8995F3D622C8A2E900830300 /* MenuView.swift in Sources */ = {isa = PBXBuildFile; fileRef = 8995F3D522C8A2E900830300 /* MenuView.swift */; };
		8995F3D822C8A2F700830300 /* ProfileView.swift in Sources */ = {isa = PBXBuildFile; fileRef = 8995F3D722C8A2F700830300 /* ProfileView.swift */; };
		8995F3E022C8EB2C00830300 /* UIDevice.swift in Sources */ = {isa = PBXBuildFile; fileRef = 8995F3DF22C8EB2C00830300 /* UIDevice.swift */; };
		8995F3E222C8EB5A00830300 /* Bundle.swift in Sources */ = {isa = PBXBuildFile; fileRef = 8995F3E122C8EB5A00830300 /* Bundle.swift */; };
		89AB156B22C72CB6000632E4 /* ScanViewController.swift in Sources */ = {isa = PBXBuildFile; fileRef = 89AB156A22C72CB6000632E4 /* ScanViewController.swift */; };
		89AB156D22C72CC6000632E4 /* ScanView.swift in Sources */ = {isa = PBXBuildFile; fileRef = 89AB156C22C72CC6000632E4 /* ScanView.swift */; };
		89AB156F22C752E7000632E4 /* Sound.swift in Sources */ = {isa = PBXBuildFile; fileRef = 89AB156E22C752E7000632E4 /* Sound.swift */; };
		89AB15DF22C76F1B000632E4 /* QRCodeReader.swift in Sources */ = {isa = PBXBuildFile; fileRef = 89AB15D522C76F1B000632E4 /* QRCodeReader.swift */; };
		89AB15E022C76F1B000632E4 /* QRCodeReaderViewControllerDelegate.swift in Sources */ = {isa = PBXBuildFile; fileRef = 89AB15D622C76F1B000632E4 /* QRCodeReaderViewControllerDelegate.swift */; };
		89AB15E122C76F1B000632E4 /* QRCodeReaderViewContainer.swift in Sources */ = {isa = PBXBuildFile; fileRef = 89AB15D722C76F1B000632E4 /* QRCodeReaderViewContainer.swift */; };
		89AB15E222C76F1B000632E4 /* QRCodeReaderViewControllerBuilder.swift in Sources */ = {isa = PBXBuildFile; fileRef = 89AB15D822C76F1B000632E4 /* QRCodeReaderViewControllerBuilder.swift */; };
		89AB15E322C76F1B000632E4 /* QRCodeReaderView.swift in Sources */ = {isa = PBXBuildFile; fileRef = 89AB15D922C76F1B000632E4 /* QRCodeReaderView.swift */; };
		89AB15E422C76F1B000632E4 /* QRCodeReaderResult.swift in Sources */ = {isa = PBXBuildFile; fileRef = 89AB15DA22C76F1B000632E4 /* QRCodeReaderResult.swift */; };
		89AB15E522C76F1B000632E4 /* SwitchCameraButton.swift in Sources */ = {isa = PBXBuildFile; fileRef = 89AB15DB22C76F1B000632E4 /* SwitchCameraButton.swift */; };
		89AB15E622C76F1B000632E4 /* QRCodeReaderViewController.swift in Sources */ = {isa = PBXBuildFile; fileRef = 89AB15DC22C76F1B000632E4 /* QRCodeReaderViewController.swift */; };
		89AB15E722C76F1B000632E4 /* ToggleTorchButton.swift in Sources */ = {isa = PBXBuildFile; fileRef = 89AB15DD22C76F1B000632E4 /* ToggleTorchButton.swift */; };
		89AB15E822C76F1B000632E4 /* ReaderOverlayView.swift in Sources */ = {isa = PBXBuildFile; fileRef = 89AB15DE22C76F1B000632E4 /* ReaderOverlayView.swift */; };
		89B915EC2399CF1C0030E143 /* UIScrollView.swift in Sources */ = {isa = PBXBuildFile; fileRef = 89B915EB2399CF1C0030E143 /* UIScrollView.swift */; };
		89B915EE2399CF480030E143 /* URL.swift in Sources */ = {isa = PBXBuildFile; fileRef = 89B915ED2399CF480030E143 /* URL.swift */; };
		89B915F02399D0100030E143 /* Date.swift in Sources */ = {isa = PBXBuildFile; fileRef = 89B915EF2399D0100030E143 /* Date.swift */; };
		89B915F22399D1E90030E143 /* String.swift in Sources */ = {isa = PBXBuildFile; fileRef = 89B915F12399D1E90030E143 /* String.swift */; };
		89B915F42399D2490030E143 /* UIImage.swift in Sources */ = {isa = PBXBuildFile; fileRef = 89B915F32399D2490030E143 /* UIImage.swift */; };
		89B915F62399D28F0030E143 /* DateFormatter.swift in Sources */ = {isa = PBXBuildFile; fileRef = 89B915F52399D28F0030E143 /* DateFormatter.swift */; };
		89C33CFA22DF019A005C2D23 /* icons8-back.png in Resources */ = {isa = PBXBuildFile; fileRef = 89C33CF922DF019A005C2D23 /* icons8-back.png */; };
		89C33CFE22DF01D7005C2D23 /* icons8-menu.png in Resources */ = {isa = PBXBuildFile; fileRef = 89C33CFD22DF01D7005C2D23 /* icons8-menu.png */; };
		89C33D0222DF01F4005C2D23 /* icons8-user.png in Resources */ = {isa = PBXBuildFile; fileRef = 89C33D0122DF01F4005C2D23 /* icons8-user.png */; };
		89C33D0422DF01FF005C2D23 /* icons8-settings.png in Resources */ = {isa = PBXBuildFile; fileRef = 89C33D0322DF01FF005C2D23 /* icons8-settings.png */; };
		89C33D0622DF0209005C2D23 /* icons8-flash_on.png in Resources */ = {isa = PBXBuildFile; fileRef = 89C33D0522DF0209005C2D23 /* icons8-flash_on.png */; };
		89C33D0822DF0210005C2D23 /* icons8-flash_off.png in Resources */ = {isa = PBXBuildFile; fileRef = 89C33D0722DF0210005C2D23 /* icons8-flash_off.png */; };
		89C33D0A22DF0217005C2D23 /* icons8-qr_code.png in Resources */ = {isa = PBXBuildFile; fileRef = 89C33D0922DF0217005C2D23 /* icons8-qr_code.png */; };
		89F9B74B23289A4A00F7C6EE /* Profile.swift in Sources */ = {isa = PBXBuildFile; fileRef = 89F9B74A23289A4A00F7C6EE /* Profile.swift */; };
		902344A31339993ECFEDEC8D /* Pods_emsUITests.framework in Frameworks */ = {isa = PBXBuildFile; fileRef = 9FD94FCD716727ABC0F314FE /* Pods_emsUITests.framework */; };
		D3ACDECB88778C561568325E /* Pods_ems.framework in Frameworks */ = {isa = PBXBuildFile; fileRef = AD1E776C3D91DA77061B6BA2 /* Pods_ems.framework */; };
/* End PBXBuildFile section */

/* Begin PBXContainerItemProxy section */
		892BD80C22AFE591005DBA8F /* PBXContainerItemProxy */ = {
			isa = PBXContainerItemProxy;
			containerPortal = 892BD7EF22AFE590005DBA8F /* Project object */;
			proxyType = 1;
			remoteGlobalIDString = 892BD7F622AFE590005DBA8F;
			remoteInfo = ems;
		};
		892BD81722AFE591005DBA8F /* PBXContainerItemProxy */ = {
			isa = PBXContainerItemProxy;
			containerPortal = 892BD7EF22AFE590005DBA8F /* Project object */;
			proxyType = 1;
			remoteGlobalIDString = 892BD7F622AFE590005DBA8F;
			remoteInfo = ems;
		};
/* End PBXContainerItemProxy section */

/* Begin PBXFileReference section */
		00BC9CCE9A7BC52594591B68 /* Pods_emsTests.framework */ = {isa = PBXFileReference; explicitFileType = wrapper.framework; includeInIndex = 0; path = Pods_emsTests.framework; sourceTree = BUILT_PRODUCTS_DIR; };
		0845480022E1606D00D79616 /* GoogleService-Info.plist */ = {isa = PBXFileReference; fileEncoding = 4; lastKnownFileType = text.plist.xml; path = "GoogleService-Info.plist"; sourceTree = "<group>"; };
		08EF48E22334753B0015F46C /* UDManager.swift */ = {isa = PBXFileReference; lastKnownFileType = sourcecode.swift; path = UDManager.swift; sourceTree = "<group>"; };
		0B0C291C233DC80F000C1172 /* ScanAssetCheckList.swift */ = {isa = PBXFileReference; lastKnownFileType = sourcecode.swift; path = ScanAssetCheckList.swift; sourceTree = "<group>"; };
		0B28258923323E9400892912 /* Document.swift */ = {isa = PBXFileReference; lastKnownFileType = sourcecode.swift; path = Document.swift; sourceTree = "<group>"; };
		0B3C9621235EC56F00D04982 /* Test.swift */ = {isa = PBXFileReference; lastKnownFileType = sourcecode.swift; path = Test.swift; sourceTree = "<group>"; };
		0B3C9623235EF1C200D04982 /* icons8-search.png */ = {isa = PBXFileReference; lastKnownFileType = image.png; path = "icons8-search.png"; sourceTree = "<group>"; };
		0B488CDD239A9C0A009B1CFD /* GoogleDriveWrapper.swift */ = {isa = PBXFileReference; lastKnownFileType = sourcecode.swift; path = GoogleDriveWrapper.swift; sourceTree = "<group>"; };
		0B488CDF239AA0F0009B1CFD /* GoogleAPIClientForREST.framework */ = {isa = PBXFileReference; explicitFileType = wrapper.framework; path = GoogleAPIClientForREST.framework; sourceTree = BUILT_PRODUCTS_DIR; };
		0B488CE1239AA4D9009B1CFD /* GoogleAPIClientForREST.framework */ = {isa = PBXFileReference; explicitFileType = wrapper.framework; path = GoogleAPIClientForREST.framework; sourceTree = BUILT_PRODUCTS_DIR; };
		0B488CE7239AA612009B1CFD /* GoogleDriveView.swift */ = {isa = PBXFileReference; lastKnownFileType = sourcecode.swift; path = GoogleDriveView.swift; sourceTree = "<group>"; };
		0B488CEB239BEB8E009B1CFD /* GoogleDriveFileListViewController.swift */ = {isa = PBXFileReference; lastKnownFileType = sourcecode.swift; path = GoogleDriveFileListViewController.swift; sourceTree = "<group>"; };
		0B488CED239BEBB7009B1CFD /* GoogleDriveFileListView.swift */ = {isa = PBXFileReference; lastKnownFileType = sourcecode.swift; path = GoogleDriveFileListView.swift; sourceTree = "<group>"; };
		0B488CF1239D2119009B1CFD /* GoogleDriveEnum.swift */ = {isa = PBXFileReference; lastKnownFileType = sourcecode.swift; path = GoogleDriveEnum.swift; sourceTree = "<group>"; };
		0B49BEDA232BC98500215D86 /* Person.swift */ = {isa = PBXFileReference; lastKnownFileType = sourcecode.swift; path = Person.swift; sourceTree = "<group>"; };
		0B49BEDE232BCB4E00215D86 /* Locations.swift */ = {isa = PBXFileReference; lastKnownFileType = sourcecode.swift; path = Locations.swift; sourceTree = "<group>"; };
		0B49BEE0232BCB7A00215D86 /* AssetNames.swift */ = {isa = PBXFileReference; lastKnownFileType = sourcecode.swift; path = AssetNames.swift; sourceTree = "<group>"; };
		0B837B7E2352F581006A6A95 /* ScanInfoInputViewController.swift */ = {isa = PBXFileReference; lastKnownFileType = sourcecode.swift; path = ScanInfoInputViewController.swift; sourceTree = "<group>"; };
		0B837B802352F76F006A6A95 /* ScanAssetCheckListViewController.swift */ = {isa = PBXFileReference; lastKnownFileType = sourcecode.swift; path = ScanAssetCheckListViewController.swift; sourceTree = "<group>"; };
		0B90CC762359535F0048715D /* RegisterViewController.swift */ = {isa = PBXFileReference; lastKnownFileType = sourcecode.swift; path = RegisterViewController.swift; sourceTree = "<group>"; };
		0B90CC78235955400048715D /* RegisterView.swift */ = {isa = PBXFileReference; lastKnownFileType = sourcecode.swift; path = RegisterView.swift; sourceTree = "<group>"; };
		0BB2865A22FC1F11007B4E9D /* DBStore.swift */ = {isa = PBXFileReference; lastKnownFileType = sourcecode.swift; path = DBStore.swift; sourceTree = "<group>"; };
		0BB2865D22FE529B007B4E9D /* Assets.swift */ = {isa = PBXFileReference; lastKnownFileType = sourcecode.swift; path = Assets.swift; sourceTree = "<group>"; };
		0BC21817231BF16200D04E47 /* Dispatch.swift */ = {isa = PBXFileReference; lastKnownFileType = sourcecode.swift; path = Dispatch.swift; sourceTree = "<group>"; };
		0BCDE74F2397F4C80050186B /* PickerView.swift */ = {isa = PBXFileReference; lastKnownFileType = sourcecode.swift; path = PickerView.swift; sourceTree = "<group>"; };
		0BD9A4B7238EC8C80085E9D0 /* AssetCheckView.swift */ = {isa = PBXFileReference; lastKnownFileType = sourcecode.swift; path = AssetCheckView.swift; sourceTree = "<group>"; };
		0BD9A4B9238EC9740085E9D0 /* AssetCheckViewController.swift */ = {isa = PBXFileReference; lastKnownFileType = sourcecode.swift; path = AssetCheckViewController.swift; sourceTree = "<group>"; };
		26362FB96B0638E2844B51AA /* Pods-emsTests.release.xcconfig */ = {isa = PBXFileReference; includeInIndex = 1; lastKnownFileType = text.xcconfig; name = "Pods-emsTests.release.xcconfig"; path = "Target Support Files/Pods-emsTests/Pods-emsTests.release.xcconfig"; sourceTree = "<group>"; };
		5691E8B90680485099DE6AD4 /* Pods-emsUITests.release.xcconfig */ = {isa = PBXFileReference; includeInIndex = 1; lastKnownFileType = text.xcconfig; name = "Pods-emsUITests.release.xcconfig"; path = "Target Support Files/Pods-emsUITests/Pods-emsUITests.release.xcconfig"; sourceTree = "<group>"; };
		6C614BB163C8E3439504BFD3 /* Pods-emsTests.debug.xcconfig */ = {isa = PBXFileReference; includeInIndex = 1; lastKnownFileType = text.xcconfig; name = "Pods-emsTests.debug.xcconfig"; path = "Target Support Files/Pods-emsTests/Pods-emsTests.debug.xcconfig"; sourceTree = "<group>"; };
		6F0E5270DC178AD427E8CA79 /* Pods-ems.release.xcconfig */ = {isa = PBXFileReference; includeInIndex = 1; lastKnownFileType = text.xcconfig; name = "Pods-ems.release.xcconfig"; path = "Target Support Files/Pods-ems/Pods-ems.release.xcconfig"; sourceTree = "<group>"; };
		892BD7F722AFE590005DBA8F /* ems.app */ = {isa = PBXFileReference; explicitFileType = wrapper.application; includeInIndex = 0; path = ems.app; sourceTree = BUILT_PRODUCTS_DIR; };
		892BD7FA22AFE590005DBA8F /* AppDelegate.swift */ = {isa = PBXFileReference; lastKnownFileType = sourcecode.swift; path = AppDelegate.swift; sourceTree = "<group>"; };
		892BD7FC22AFE590005DBA8F /* ViewController.swift */ = {isa = PBXFileReference; lastKnownFileType = sourcecode.swift; path = ViewController.swift; sourceTree = "<group>"; };
		892BD80122AFE591005DBA8F /* Assets.xcassets */ = {isa = PBXFileReference; lastKnownFileType = folder.assetcatalog; path = Assets.xcassets; sourceTree = "<group>"; };
		892BD80422AFE591005DBA8F /* Base */ = {isa = PBXFileReference; lastKnownFileType = file.storyboard; name = Base; path = Base.lproj/LaunchScreen.storyboard; sourceTree = "<group>"; };
		892BD80622AFE591005DBA8F /* Info.plist */ = {isa = PBXFileReference; lastKnownFileType = text.plist.xml; path = Info.plist; sourceTree = "<group>"; };
		892BD80B22AFE591005DBA8F /* emsTests.xctest */ = {isa = PBXFileReference; explicitFileType = wrapper.cfbundle; includeInIndex = 0; path = emsTests.xctest; sourceTree = BUILT_PRODUCTS_DIR; };
		892BD80F22AFE591005DBA8F /* emsTests.swift */ = {isa = PBXFileReference; lastKnownFileType = sourcecode.swift; path = emsTests.swift; sourceTree = "<group>"; };
		892BD81122AFE591005DBA8F /* Info.plist */ = {isa = PBXFileReference; lastKnownFileType = text.plist.xml; path = Info.plist; sourceTree = "<group>"; };
		892BD81622AFE591005DBA8F /* emsUITests.xctest */ = {isa = PBXFileReference; explicitFileType = wrapper.cfbundle; includeInIndex = 0; path = emsUITests.xctest; sourceTree = BUILT_PRODUCTS_DIR; };
		892BD81A22AFE591005DBA8F /* emsUITests.swift */ = {isa = PBXFileReference; lastKnownFileType = sourcecode.swift; path = emsUITests.swift; sourceTree = "<group>"; };
		892BD81C22AFE591005DBA8F /* Info.plist */ = {isa = PBXFileReference; lastKnownFileType = text.plist.xml; path = Info.plist; sourceTree = "<group>"; };
		892BD83122AFEC91005DBA8F /* UIApplication.swift */ = {isa = PBXFileReference; fileEncoding = 4; lastKnownFileType = sourcecode.swift; path = UIApplication.swift; sourceTree = "<group>"; };
		892BD83222AFEC91005DBA8F /* Array.swift */ = {isa = PBXFileReference; fileEncoding = 4; lastKnownFileType = sourcecode.swift; path = Array.swift; sourceTree = "<group>"; };
		892BD83322AFEC91005DBA8F /* UIButton.swift */ = {isa = PBXFileReference; fileEncoding = 4; lastKnownFileType = sourcecode.swift; path = UIButton.swift; sourceTree = "<group>"; };
		892BD83422AFEC91005DBA8F /* Class.swift */ = {isa = PBXFileReference; fileEncoding = 4; lastKnownFileType = sourcecode.swift; path = Class.swift; sourceTree = "<group>"; };
		892BD83522AFEC91005DBA8F /* UIBarButton.swift */ = {isa = PBXFileReference; fileEncoding = 4; lastKnownFileType = sourcecode.swift; path = UIBarButton.swift; sourceTree = "<group>"; };
		892BD83622AFEC91005DBA8F /* UICollectionView.swift */ = {isa = PBXFileReference; fileEncoding = 4; lastKnownFileType = sourcecode.swift; path = UICollectionView.swift; sourceTree = "<group>"; };
		892BD83722AFEC91005DBA8F /* UIColor.swift */ = {isa = PBXFileReference; fileEncoding = 4; lastKnownFileType = sourcecode.swift; path = UIColor.swift; sourceTree = "<group>"; };
		892BD83822AFEC91005DBA8F /* UIViewController.swift */ = {isa = PBXFileReference; fileEncoding = 4; lastKnownFileType = sourcecode.swift; path = UIViewController.swift; sourceTree = "<group>"; };
		892BD83922AFEC91005DBA8F /* CALayer.swift */ = {isa = PBXFileReference; fileEncoding = 4; lastKnownFileType = sourcecode.swift; path = CALayer.swift; sourceTree = "<group>"; };
		892BD83A22AFEC91005DBA8F /* UIView.swift */ = {isa = PBXFileReference; fileEncoding = 4; lastKnownFileType = sourcecode.swift; path = UIView.swift; sourceTree = "<group>"; };
		892BD83B22AFEC91005DBA8F /* UIFont.swift */ = {isa = PBXFileReference; fileEncoding = 4; lastKnownFileType = sourcecode.swift; path = UIFont.swift; sourceTree = "<group>"; };
		892BD83C22AFEC91005DBA8F /* UITextField.swift */ = {isa = PBXFileReference; fileEncoding = 4; lastKnownFileType = sourcecode.swift; path = UITextField.swift; sourceTree = "<group>"; };
		892BD84E22AFEDA5005DBA8F /* en */ = {isa = PBXFileReference; lastKnownFileType = text.plist.strings; name = en; path = en.lproj/Localized.strings; sourceTree = "<group>"; };
		892BD85022AFEDC7005DBA8F /* ja */ = {isa = PBXFileReference; lastKnownFileType = text.plist.strings; name = ja; path = ja.lproj/LaunchScreen.strings; sourceTree = "<group>"; };
		892BD85122AFEDC7005DBA8F /* ja */ = {isa = PBXFileReference; lastKnownFileType = text.plist.strings; name = ja; path = ja.lproj/Localized.strings; sourceTree = "<group>"; };
		892BD85222AFEE1D005DBA8F /* HomeViewController.swift */ = {isa = PBXFileReference; lastKnownFileType = sourcecode.swift; path = HomeViewController.swift; sourceTree = "<group>"; };
		892BD85422AFEE7D005DBA8F /* R.generated.swift */ = {isa = PBXFileReference; fileEncoding = 4; lastKnownFileType = sourcecode.swift; path = R.generated.swift; sourceTree = "<group>"; };
		892BD85622B33595005DBA8F /* HomeView.swift */ = {isa = PBXFileReference; lastKnownFileType = sourcecode.swift; path = HomeView.swift; sourceTree = "<group>"; };
		892BD85822B35C75005DBA8F /* LoadingShimmer.swift */ = {isa = PBXFileReference; lastKnownFileType = sourcecode.swift; path = LoadingShimmer.swift; sourceTree = "<group>"; };
		892E753D232B3F2C00E7B8A4 /* icons8-delete_sign.png */ = {isa = PBXFileReference; lastKnownFileType = image.png; path = "icons8-delete_sign.png"; sourceTree = "<group>"; };
		894BB3C7230E60D40055FD3D /* ScanInfoInputView.swift */ = {isa = PBXFileReference; lastKnownFileType = sourcecode.swift; path = ScanInfoInputView.swift; sourceTree = "<group>"; };
		8958D28322D9A3C2002337F3 /* Constants.swift */ = {isa = PBXFileReference; fileEncoding = 4; lastKnownFileType = sourcecode.swift; path = Constants.swift; sourceTree = "<group>"; };
		897AB95E22D03824006E1F70 /* InfoView.swift */ = {isa = PBXFileReference; lastKnownFileType = sourcecode.swift; path = InfoView.swift; sourceTree = "<group>"; };
		8984473023139B82008865A4 /* Asset.swift */ = {isa = PBXFileReference; lastKnownFileType = sourcecode.swift; path = Asset.swift; sourceTree = "<group>"; };
		8995F3C722C8905800830300 /* Permission.swift */ = {isa = PBXFileReference; lastKnownFileType = sourcecode.swift; path = Permission.swift; sourceTree = "<group>"; };
		8995F3C922C8A1C800830300 /* SettingViewController.swift */ = {isa = PBXFileReference; lastKnownFileType = sourcecode.swift; path = SettingViewController.swift; sourceTree = "<group>"; };
		8995F3CB22C8A1F300830300 /* MenuViewController.swift */ = {isa = PBXFileReference; lastKnownFileType = sourcecode.swift; path = MenuViewController.swift; sourceTree = "<group>"; };
		8995F3CD22C8A21200830300 /* ProfileViewController.swift */ = {isa = PBXFileReference; lastKnownFileType = sourcecode.swift; path = ProfileViewController.swift; sourceTree = "<group>"; };
		8995F3D322C8A2DF00830300 /* SettingView.swift */ = {isa = PBXFileReference; lastKnownFileType = sourcecode.swift; path = SettingView.swift; sourceTree = "<group>"; };
		8995F3D522C8A2E900830300 /* MenuView.swift */ = {isa = PBXFileReference; lastKnownFileType = sourcecode.swift; path = MenuView.swift; sourceTree = "<group>"; };
		8995F3D722C8A2F700830300 /* ProfileView.swift */ = {isa = PBXFileReference; lastKnownFileType = sourcecode.swift; path = ProfileView.swift; sourceTree = "<group>"; };
		8995F3DF22C8EB2C00830300 /* UIDevice.swift */ = {isa = PBXFileReference; lastKnownFileType = sourcecode.swift; path = UIDevice.swift; sourceTree = "<group>"; };
		8995F3E122C8EB5A00830300 /* Bundle.swift */ = {isa = PBXFileReference; lastKnownFileType = sourcecode.swift; path = Bundle.swift; sourceTree = "<group>"; };
		89AB156A22C72CB6000632E4 /* ScanViewController.swift */ = {isa = PBXFileReference; lastKnownFileType = sourcecode.swift; path = ScanViewController.swift; sourceTree = "<group>"; };
		89AB156C22C72CC6000632E4 /* ScanView.swift */ = {isa = PBXFileReference; lastKnownFileType = sourcecode.swift; path = ScanView.swift; sourceTree = "<group>"; };
		89AB156E22C752E7000632E4 /* Sound.swift */ = {isa = PBXFileReference; lastKnownFileType = sourcecode.swift; path = Sound.swift; sourceTree = "<group>"; };
		89AB15D522C76F1B000632E4 /* QRCodeReader.swift */ = {isa = PBXFileReference; fileEncoding = 4; lastKnownFileType = sourcecode.swift; path = QRCodeReader.swift; sourceTree = "<group>"; };
		89AB15D622C76F1B000632E4 /* QRCodeReaderViewControllerDelegate.swift */ = {isa = PBXFileReference; fileEncoding = 4; lastKnownFileType = sourcecode.swift; path = QRCodeReaderViewControllerDelegate.swift; sourceTree = "<group>"; };
		89AB15D722C76F1B000632E4 /* QRCodeReaderViewContainer.swift */ = {isa = PBXFileReference; fileEncoding = 4; lastKnownFileType = sourcecode.swift; path = QRCodeReaderViewContainer.swift; sourceTree = "<group>"; };
		89AB15D822C76F1B000632E4 /* QRCodeReaderViewControllerBuilder.swift */ = {isa = PBXFileReference; fileEncoding = 4; lastKnownFileType = sourcecode.swift; path = QRCodeReaderViewControllerBuilder.swift; sourceTree = "<group>"; };
		89AB15D922C76F1B000632E4 /* QRCodeReaderView.swift */ = {isa = PBXFileReference; fileEncoding = 4; lastKnownFileType = sourcecode.swift; path = QRCodeReaderView.swift; sourceTree = "<group>"; };
		89AB15DA22C76F1B000632E4 /* QRCodeReaderResult.swift */ = {isa = PBXFileReference; fileEncoding = 4; lastKnownFileType = sourcecode.swift; path = QRCodeReaderResult.swift; sourceTree = "<group>"; };
		89AB15DB22C76F1B000632E4 /* SwitchCameraButton.swift */ = {isa = PBXFileReference; fileEncoding = 4; lastKnownFileType = sourcecode.swift; path = SwitchCameraButton.swift; sourceTree = "<group>"; };
		89AB15DC22C76F1B000632E4 /* QRCodeReaderViewController.swift */ = {isa = PBXFileReference; fileEncoding = 4; lastKnownFileType = sourcecode.swift; path = QRCodeReaderViewController.swift; sourceTree = "<group>"; };
		89AB15DD22C76F1B000632E4 /* ToggleTorchButton.swift */ = {isa = PBXFileReference; fileEncoding = 4; lastKnownFileType = sourcecode.swift; path = ToggleTorchButton.swift; sourceTree = "<group>"; };
		89AB15DE22C76F1B000632E4 /* ReaderOverlayView.swift */ = {isa = PBXFileReference; fileEncoding = 4; lastKnownFileType = sourcecode.swift; path = ReaderOverlayView.swift; sourceTree = "<group>"; };
		89B915EB2399CF1C0030E143 /* UIScrollView.swift */ = {isa = PBXFileReference; lastKnownFileType = sourcecode.swift; path = UIScrollView.swift; sourceTree = "<group>"; };
		89B915ED2399CF480030E143 /* URL.swift */ = {isa = PBXFileReference; lastKnownFileType = sourcecode.swift; path = URL.swift; sourceTree = "<group>"; };
		89B915EF2399D0100030E143 /* Date.swift */ = {isa = PBXFileReference; lastKnownFileType = sourcecode.swift; path = Date.swift; sourceTree = "<group>"; };
		89B915F12399D1E90030E143 /* String.swift */ = {isa = PBXFileReference; lastKnownFileType = sourcecode.swift; path = String.swift; sourceTree = "<group>"; };
		89B915F32399D2490030E143 /* UIImage.swift */ = {isa = PBXFileReference; lastKnownFileType = sourcecode.swift; path = UIImage.swift; sourceTree = "<group>"; };
		89B915F52399D28F0030E143 /* DateFormatter.swift */ = {isa = PBXFileReference; lastKnownFileType = sourcecode.swift; path = DateFormatter.swift; sourceTree = "<group>"; };
		89C33CF922DF019A005C2D23 /* icons8-back.png */ = {isa = PBXFileReference; lastKnownFileType = image.png; path = "icons8-back.png"; sourceTree = "<group>"; };
		89C33CFD22DF01D7005C2D23 /* icons8-menu.png */ = {isa = PBXFileReference; lastKnownFileType = image.png; path = "icons8-menu.png"; sourceTree = "<group>"; };
		89C33D0122DF01F4005C2D23 /* icons8-user.png */ = {isa = PBXFileReference; lastKnownFileType = image.png; path = "icons8-user.png"; sourceTree = "<group>"; };
		89C33D0322DF01FF005C2D23 /* icons8-settings.png */ = {isa = PBXFileReference; lastKnownFileType = image.png; path = "icons8-settings.png"; sourceTree = "<group>"; };
		89C33D0522DF0209005C2D23 /* icons8-flash_on.png */ = {isa = PBXFileReference; lastKnownFileType = image.png; path = "icons8-flash_on.png"; sourceTree = "<group>"; };
		89C33D0722DF0210005C2D23 /* icons8-flash_off.png */ = {isa = PBXFileReference; lastKnownFileType = image.png; path = "icons8-flash_off.png"; sourceTree = "<group>"; };
		89C33D0922DF0217005C2D23 /* icons8-qr_code.png */ = {isa = PBXFileReference; lastKnownFileType = image.png; path = "icons8-qr_code.png"; sourceTree = "<group>"; };
		89F9B74A23289A4A00F7C6EE /* Profile.swift */ = {isa = PBXFileReference; lastKnownFileType = sourcecode.swift; path = Profile.swift; sourceTree = "<group>"; };
		9FD94FCD716727ABC0F314FE /* Pods_emsUITests.framework */ = {isa = PBXFileReference; explicitFileType = wrapper.framework; includeInIndex = 0; path = Pods_emsUITests.framework; sourceTree = BUILT_PRODUCTS_DIR; };
		A4A3716338A6F7D6BDE2CA8D /* Pods-emsUITests.debug.xcconfig */ = {isa = PBXFileReference; includeInIndex = 1; lastKnownFileType = text.xcconfig; name = "Pods-emsUITests.debug.xcconfig"; path = "Target Support Files/Pods-emsUITests/Pods-emsUITests.debug.xcconfig"; sourceTree = "<group>"; };
		AD1E776C3D91DA77061B6BA2 /* Pods_ems.framework */ = {isa = PBXFileReference; explicitFileType = wrapper.framework; includeInIndex = 0; path = Pods_ems.framework; sourceTree = BUILT_PRODUCTS_DIR; };
		E2E91AC426A9D322CBAD8691 /* Pods-ems.debug.xcconfig */ = {isa = PBXFileReference; includeInIndex = 1; lastKnownFileType = text.xcconfig; name = "Pods-ems.debug.xcconfig"; path = "Target Support Files/Pods-ems/Pods-ems.debug.xcconfig"; sourceTree = "<group>"; };
/* End PBXFileReference section */

/* Begin PBXFrameworksBuildPhase section */
		892BD7F422AFE590005DBA8F /* Frameworks */ = {
			isa = PBXFrameworksBuildPhase;
			buildActionMask = 2147483647;
			files = (
				D3ACDECB88778C561568325E /* Pods_ems.framework in Frameworks */,
			);
			runOnlyForDeploymentPostprocessing = 0;
		};
		892BD80822AFE591005DBA8F /* Frameworks */ = {
			isa = PBXFrameworksBuildPhase;
			buildActionMask = 2147483647;
			files = (
				19C3432867E1ABC55425AE8F /* Pods_emsTests.framework in Frameworks */,
			);
			runOnlyForDeploymentPostprocessing = 0;
		};
		892BD81322AFE591005DBA8F /* Frameworks */ = {
			isa = PBXFrameworksBuildPhase;
			buildActionMask = 2147483647;
			files = (
				902344A31339993ECFEDEC8D /* Pods_emsUITests.framework in Frameworks */,
			);
			runOnlyForDeploymentPostprocessing = 0;
		};
/* End PBXFrameworksBuildPhase section */

/* Begin PBXGroup section */
		0B18F975235375EE008D5D8B /* Scan */ = {
			isa = PBXGroup;
			children = (
				89AB156A22C72CB6000632E4 /* ScanViewController.swift */,
				0B837B7E2352F581006A6A95 /* ScanInfoInputViewController.swift */,
				0B837B802352F76F006A6A95 /* ScanAssetCheckListViewController.swift */,
			);
			path = Scan;
			sourceTree = "<group>";
		};
		0BB2865C22FE5284007B4E9D /* DBModel */ = {
			isa = PBXGroup;
			children = (
				0BB2865D22FE529B007B4E9D /* Assets.swift */,
				0B49BEDA232BC98500215D86 /* Person.swift */,
				0B49BEDE232BCB4E00215D86 /* Locations.swift */,
				0B49BEE0232BCB7A00215D86 /* AssetNames.swift */,
				0B3C9621235EC56F00D04982 /* Test.swift */,
			);
			path = DBModel;
			sourceTree = "<group>";
		};
		1B08CC473B1211DE331CA862 /* Pods */ = {
			isa = PBXGroup;
			children = (
				E2E91AC426A9D322CBAD8691 /* Pods-ems.debug.xcconfig */,
				6F0E5270DC178AD427E8CA79 /* Pods-ems.release.xcconfig */,
				6C614BB163C8E3439504BFD3 /* Pods-emsTests.debug.xcconfig */,
				26362FB96B0638E2844B51AA /* Pods-emsTests.release.xcconfig */,
				A4A3716338A6F7D6BDE2CA8D /* Pods-emsUITests.debug.xcconfig */,
				5691E8B90680485099DE6AD4 /* Pods-emsUITests.release.xcconfig */,
			);
			path = Pods;
			sourceTree = "<group>";
		};
		50C6D705D905C1B4C58CC98E /* Frameworks */ = {
			isa = PBXGroup;
			children = (
				0B488CE1239AA4D9009B1CFD /* GoogleAPIClientForREST.framework */,
				0B488CDF239AA0F0009B1CFD /* GoogleAPIClientForREST.framework */,
				AD1E776C3D91DA77061B6BA2 /* Pods_ems.framework */,
				00BC9CCE9A7BC52594591B68 /* Pods_emsTests.framework */,
				9FD94FCD716727ABC0F314FE /* Pods_emsUITests.framework */,
			);
			name = Frameworks;
			sourceTree = "<group>";
		};
		892BD7EE22AFE590005DBA8F = {
			isa = PBXGroup;
			children = (
				892BD7F922AFE590005DBA8F /* ems */,
				892BD80E22AFE591005DBA8F /* emsTests */,
				892BD81922AFE591005DBA8F /* emsUITests */,
				892BD7F822AFE590005DBA8F /* Products */,
				1B08CC473B1211DE331CA862 /* Pods */,
				50C6D705D905C1B4C58CC98E /* Frameworks */,
				89F9B7492327F43700F7C6EE /* Recovered References */,
			);
			sourceTree = "<group>";
		};
		892BD7F822AFE590005DBA8F /* Products */ = {
			isa = PBXGroup;
			children = (
				892BD7F722AFE590005DBA8F /* ems.app */,
				892BD80B22AFE591005DBA8F /* emsTests.xctest */,
				892BD81622AFE591005DBA8F /* emsUITests.xctest */,
			);
			name = Products;
			sourceTree = "<group>";
		};
		892BD7F922AFE590005DBA8F /* ems */ = {
			isa = PBXGroup;
			children = (
				89C33CF622DF0147005C2D23 /* Resource */,
				8958D28322D9A3C2002337F3 /* Constants.swift */,
				892BD85422AFEE7D005DBA8F /* R.generated.swift */,
				892BD82B22AFEBC1005DBA8F /* Controller */,
				892BD82A22AFEBBC005DBA8F /* View */,
				892BD82922AFEBB0005DBA8F /* Model */,
				892BD82D22AFEBE7005DBA8F /* Utility */,
				892BD82C22AFEBCD005DBA8F /* Extension */,
				892BD7FA22AFE590005DBA8F /* AppDelegate.swift */,
				892BD7FC22AFE590005DBA8F /* ViewController.swift */,
				892BD80122AFE591005DBA8F /* Assets.xcassets */,
				892BD80322AFE591005DBA8F /* LaunchScreen.storyboard */,
				892BD80622AFE591005DBA8F /* Info.plist */,
				0845480022E1606D00D79616 /* GoogleService-Info.plist */,
				892BD84F22AFEDA5005DBA8F /* Localized.strings */,
			);
			path = ems;
			sourceTree = "<group>";
		};
		892BD80E22AFE591005DBA8F /* emsTests */ = {
			isa = PBXGroup;
			children = (
				892BD80F22AFE591005DBA8F /* emsTests.swift */,
				892BD81122AFE591005DBA8F /* Info.plist */,
			);
			path = emsTests;
			sourceTree = "<group>";
		};
		892BD81922AFE591005DBA8F /* emsUITests */ = {
			isa = PBXGroup;
			children = (
				892BD81A22AFE591005DBA8F /* emsUITests.swift */,
				892BD81C22AFE591005DBA8F /* Info.plist */,
			);
			path = emsUITests;
			sourceTree = "<group>";
		};
		892BD82922AFEBB0005DBA8F /* Model */ = {
			isa = PBXGroup;
			children = (
				0BB2865A22FC1F11007B4E9D /* DBStore.swift */,
				0BB2865C22FE5284007B4E9D /* DBModel */,
				89F9B74A23289A4A00F7C6EE /* Profile.swift */,
				0B488CDD239A9C0A009B1CFD /* GoogleDriveWrapper.swift */,
			);
			path = Model;
			sourceTree = "<group>";
		};
		892BD82A22AFEBBC005DBA8F /* View */ = {
			isa = PBXGroup;
			children = (
				894BB3C9230E61000055FD3D /* Scan */,
				892BD85622B33595005DBA8F /* HomeView.swift */,
				897AB95E22D03824006E1F70 /* InfoView.swift */,
				8995F3D322C8A2DF00830300 /* SettingView.swift */,
				8995F3D522C8A2E900830300 /* MenuView.swift */,
				8995F3D722C8A2F700830300 /* ProfileView.swift */,
				0B90CC78235955400048715D /* RegisterView.swift */,
				0BD9A4B7238EC8C80085E9D0 /* AssetCheckView.swift */,
				0BCDE74F2397F4C80050186B /* PickerView.swift */,
				0B488CE7239AA612009B1CFD /* GoogleDriveView.swift */,
				0B488CED239BEBB7009B1CFD /* GoogleDriveFileListView.swift */,
			);
			path = View;
			sourceTree = "<group>";
		};
		892BD82B22AFEBC1005DBA8F /* Controller */ = {
			isa = PBXGroup;
			children = (
				0B18F975235375EE008D5D8B /* Scan */,
				892BD85222AFEE1D005DBA8F /* HomeViewController.swift */,
				8995F3C922C8A1C800830300 /* SettingViewController.swift */,
				8995F3CB22C8A1F300830300 /* MenuViewController.swift */,
				8995F3CD22C8A21200830300 /* ProfileViewController.swift */,
				0B90CC762359535F0048715D /* RegisterViewController.swift */,
				0BD9A4B9238EC9740085E9D0 /* AssetCheckViewController.swift */,
				0B488CEB239BEB8E009B1CFD /* GoogleDriveFileListViewController.swift */,
			);
			path = Controller;
			sourceTree = "<group>";
		};
		892BD82C22AFEBCD005DBA8F /* Extension */ = {
			isa = PBXGroup;
			children = (
				89B915F52399D28F0030E143 /* DateFormatter.swift */,
				892BD83922AFEC91005DBA8F /* CALayer.swift */,
				892BD83222AFEC91005DBA8F /* Array.swift */,
				892BD83422AFEC91005DBA8F /* Class.swift */,
				892BD83122AFEC91005DBA8F /* UIApplication.swift */,
				892BD83522AFEC91005DBA8F /* UIBarButton.swift */,
				892BD83322AFEC91005DBA8F /* UIButton.swift */,
				892BD83622AFEC91005DBA8F /* UICollectionView.swift */,
				892BD83722AFEC91005DBA8F /* UIColor.swift */,
				892BD83B22AFEC91005DBA8F /* UIFont.swift */,
				892BD83C22AFEC91005DBA8F /* UITextField.swift */,
				892BD83822AFEC91005DBA8F /* UIViewController.swift */,
				892BD83A22AFEC91005DBA8F /* UIView.swift */,
				8995F3DF22C8EB2C00830300 /* UIDevice.swift */,
				8995F3E122C8EB5A00830300 /* Bundle.swift */,
				0B28258923323E9400892912 /* Document.swift */,
				89B915EB2399CF1C0030E143 /* UIScrollView.swift */,
				89B915ED2399CF480030E143 /* URL.swift */,
				89B915EF2399D0100030E143 /* Date.swift */,
				89B915F12399D1E90030E143 /* String.swift */,
				89B915F32399D2490030E143 /* UIImage.swift */,
			);
			path = Extension;
			sourceTree = "<group>";
		};
		892BD82D22AFEBE7005DBA8F /* Utility */ = {
			isa = PBXGroup;
			children = (
				89AB156E22C752E7000632E4 /* Sound.swift */,
				8995F3C722C8905800830300 /* Permission.swift */,
				89AB15D422C76F1B000632E4 /* QRCodeReader */,
				892BD85822B35C75005DBA8F /* LoadingShimmer.swift */,
				0BC21817231BF16200D04E47 /* Dispatch.swift */,
				08EF48E22334753B0015F46C /* UDManager.swift */,
				0B488CF1239D2119009B1CFD /* GoogleDriveEnum.swift */,
			);
			path = Utility;
			sourceTree = "<group>";
		};
		894BB3C9230E61000055FD3D /* Scan */ = {
			isa = PBXGroup;
			children = (
				89AB156C22C72CC6000632E4 /* ScanView.swift */,
				894BB3C7230E60D40055FD3D /* ScanInfoInputView.swift */,
				0B0C291C233DC80F000C1172 /* ScanAssetCheckList.swift */,
			);
			path = Scan;
			sourceTree = "<group>";
		};
		89AB15D422C76F1B000632E4 /* QRCodeReader */ = {
			isa = PBXGroup;
			children = (
				89AB15D522C76F1B000632E4 /* QRCodeReader.swift */,
				89AB15D622C76F1B000632E4 /* QRCodeReaderViewControllerDelegate.swift */,
				89AB15D722C76F1B000632E4 /* QRCodeReaderViewContainer.swift */,
				89AB15D822C76F1B000632E4 /* QRCodeReaderViewControllerBuilder.swift */,
				89AB15D922C76F1B000632E4 /* QRCodeReaderView.swift */,
				89AB15DA22C76F1B000632E4 /* QRCodeReaderResult.swift */,
				89AB15DB22C76F1B000632E4 /* SwitchCameraButton.swift */,
				89AB15DC22C76F1B000632E4 /* QRCodeReaderViewController.swift */,
				89AB15DD22C76F1B000632E4 /* ToggleTorchButton.swift */,
				89AB15DE22C76F1B000632E4 /* ReaderOverlayView.swift */,
			);
			path = QRCodeReader;
			sourceTree = "<group>";
		};
		89C33CF622DF0147005C2D23 /* Resource */ = {
			isa = PBXGroup;
			children = (
				0B3C9623235EF1C200D04982 /* icons8-search.png */,
				892E753D232B3F2C00E7B8A4 /* icons8-delete_sign.png */,
				89C33D0922DF0217005C2D23 /* icons8-qr_code.png */,
				89C33D0722DF0210005C2D23 /* icons8-flash_off.png */,
				89C33D0522DF0209005C2D23 /* icons8-flash_on.png */,
				89C33D0322DF01FF005C2D23 /* icons8-settings.png */,
				89C33D0122DF01F4005C2D23 /* icons8-user.png */,
				89C33CF922DF019A005C2D23 /* icons8-back.png */,
				89C33CFD22DF01D7005C2D23 /* icons8-menu.png */,
			);
			path = Resource;
			sourceTree = "<group>";
		};
		89F9B7492327F43700F7C6EE /* Recovered References */ = {
			isa = PBXGroup;
			children = (
				8984473023139B82008865A4 /* Asset.swift */,
			);
			name = "Recovered References";
			sourceTree = "<group>";
		};
/* End PBXGroup section */

/* Begin PBXNativeTarget section */
		892BD7F622AFE590005DBA8F /* ems */ = {
			isa = PBXNativeTarget;
			buildConfigurationList = 892BD81F22AFE591005DBA8F /* Build configuration list for PBXNativeTarget "ems" */;
			buildPhases = (
				EC83D46DFD9948B5290886F2 /* [CP] Check Pods Manifest.lock */,
				892BD82822AFE839005DBA8F /* ShellScript */,
				892BD7F322AFE590005DBA8F /* Sources */,
				892BD7F422AFE590005DBA8F /* Frameworks */,
				892BD7F522AFE590005DBA8F /* Resources */,
				8958D28122D98C14002337F3 /* ShellScript */,
				CFDA9B603FBA649154DA4C12 /* ShellScript */,
				B0A41933EADF612A646ABC02 /* [CP] Embed Pods Frameworks */,
				C05468590726340C9B6BEEDD /* [CP] Copy Pods Resources */,
			);
			buildRules = (
			);
			dependencies = (
			);
			name = ems;
			productName = ems;
			productReference = 892BD7F722AFE590005DBA8F /* ems.app */;
			productType = "com.apple.product-type.application";
		};
		892BD80A22AFE591005DBA8F /* emsTests */ = {
			isa = PBXNativeTarget;
			buildConfigurationList = 892BD82222AFE591005DBA8F /* Build configuration list for PBXNativeTarget "emsTests" */;
			buildPhases = (
				CAC592673BF663C5FC8B2A35 /* [CP] Check Pods Manifest.lock */,
				892BD80722AFE591005DBA8F /* Sources */,
				892BD80822AFE591005DBA8F /* Frameworks */,
				892BD80922AFE591005DBA8F /* Resources */,
			);
			buildRules = (
			);
			dependencies = (
				892BD80D22AFE591005DBA8F /* PBXTargetDependency */,
			);
			name = emsTests;
			productName = emsTests;
			productReference = 892BD80B22AFE591005DBA8F /* emsTests.xctest */;
			productType = "com.apple.product-type.bundle.unit-test";
		};
		892BD81522AFE591005DBA8F /* emsUITests */ = {
			isa = PBXNativeTarget;
			buildConfigurationList = 892BD82522AFE591005DBA8F /* Build configuration list for PBXNativeTarget "emsUITests" */;
			buildPhases = (
				26A95E92EF9AEA7267A0D655 /* [CP] Check Pods Manifest.lock */,
				892BD81222AFE591005DBA8F /* Sources */,
				892BD81322AFE591005DBA8F /* Frameworks */,
				892BD81422AFE591005DBA8F /* Resources */,
			);
			buildRules = (
			);
			dependencies = (
				892BD81822AFE591005DBA8F /* PBXTargetDependency */,
			);
			name = emsUITests;
			productName = emsUITests;
			productReference = 892BD81622AFE591005DBA8F /* emsUITests.xctest */;
			productType = "com.apple.product-type.bundle.ui-testing";
		};
/* End PBXNativeTarget section */

/* Begin PBXProject section */
		892BD7EF22AFE590005DBA8F /* Project object */ = {
			isa = PBXProject;
			attributes = {
				LastSwiftUpdateCheck = 1020;
				LastUpgradeCheck = 1020;
				ORGANIZATIONNAME = RaiRaiRaise;
				TargetAttributes = {
					892BD7F622AFE590005DBA8F = {
						CreatedOnToolsVersion = 10.2.1;
					};
					892BD80A22AFE591005DBA8F = {
						CreatedOnToolsVersion = 10.2.1;
						TestTargetID = 892BD7F622AFE590005DBA8F;
					};
					892BD81522AFE591005DBA8F = {
						CreatedOnToolsVersion = 10.2.1;
						TestTargetID = 892BD7F622AFE590005DBA8F;
					};
				};
			};
			buildConfigurationList = 892BD7F222AFE590005DBA8F /* Build configuration list for PBXProject "ems" */;
			compatibilityVersion = "Xcode 9.3";
			developmentRegion = en;
			hasScannedForEncodings = 0;
			knownRegions = (
				en,
				Base,
				ja,
			);
			mainGroup = 892BD7EE22AFE590005DBA8F;
			productRefGroup = 892BD7F822AFE590005DBA8F /* Products */;
			projectDirPath = "";
			projectRoot = "";
			targets = (
				892BD7F622AFE590005DBA8F /* ems */,
				892BD80A22AFE591005DBA8F /* emsTests */,
				892BD81522AFE591005DBA8F /* emsUITests */,
			);
		};
/* End PBXProject section */

/* Begin PBXResourcesBuildPhase section */
		892BD7F522AFE590005DBA8F /* Resources */ = {
			isa = PBXResourcesBuildPhase;
			buildActionMask = 2147483647;
			files = (
				89C33D0622DF0209005C2D23 /* icons8-flash_on.png in Resources */,
				89C33D0422DF01FF005C2D23 /* icons8-settings.png in Resources */,
				89C33CFA22DF019A005C2D23 /* icons8-back.png in Resources */,
				89C33D0222DF01F4005C2D23 /* icons8-user.png in Resources */,
				89C33D0A22DF0217005C2D23 /* icons8-qr_code.png in Resources */,
				0845480122E1606D00D79616 /* GoogleService-Info.plist in Resources */,
				892BD84D22AFEDA5005DBA8F /* Localized.strings in Resources */,
				89C33D0822DF0210005C2D23 /* icons8-flash_off.png in Resources */,
				892BD80522AFE591005DBA8F /* LaunchScreen.storyboard in Resources */,
				0B3C9624235EF1C200D04982 /* icons8-search.png in Resources */,
				892E753E232B3F2C00E7B8A4 /* icons8-delete_sign.png in Resources */,
				89C33CFE22DF01D7005C2D23 /* icons8-menu.png in Resources */,
				892BD80222AFE591005DBA8F /* Assets.xcassets in Resources */,
			);
			runOnlyForDeploymentPostprocessing = 0;
		};
		892BD80922AFE591005DBA8F /* Resources */ = {
			isa = PBXResourcesBuildPhase;
			buildActionMask = 2147483647;
			files = (
			);
			runOnlyForDeploymentPostprocessing = 0;
		};
		892BD81422AFE591005DBA8F /* Resources */ = {
			isa = PBXResourcesBuildPhase;
			buildActionMask = 2147483647;
			files = (
			);
			runOnlyForDeploymentPostprocessing = 0;
		};
/* End PBXResourcesBuildPhase section */

/* Begin PBXShellScriptBuildPhase section */
		26A95E92EF9AEA7267A0D655 /* [CP] Check Pods Manifest.lock */ = {
			isa = PBXShellScriptBuildPhase;
			buildActionMask = 2147483647;
			files = (
			);
			inputFileListPaths = (
			);
			inputPaths = (
				"${PODS_PODFILE_DIR_PATH}/Podfile.lock",
				"${PODS_ROOT}/Manifest.lock",
			);
			name = "[CP] Check Pods Manifest.lock";
			outputFileListPaths = (
			);
			outputPaths = (
				"$(DERIVED_FILE_DIR)/Pods-emsUITests-checkManifestLockResult.txt",
			);
			runOnlyForDeploymentPostprocessing = 0;
			shellPath = /bin/sh;
			shellScript = "diff \"${PODS_PODFILE_DIR_PATH}/Podfile.lock\" \"${PODS_ROOT}/Manifest.lock\" > /dev/null\nif [ $? != 0 ] ; then\n    # print error to STDERR\n    echo \"error: The sandbox is not in sync with the Podfile.lock. Run 'pod install' or update your CocoaPods installation.\" >&2\n    exit 1\nfi\n# This output is used by Xcode 'outputs' to avoid re-running this script phase.\necho \"SUCCESS\" > \"${SCRIPT_OUTPUT_FILE_0}\"\n";
			showEnvVarsInLog = 0;
		};
		892BD82822AFE839005DBA8F /* ShellScript */ = {
			isa = PBXShellScriptBuildPhase;
			buildActionMask = 2147483647;
			files = (
			);
			inputFileListPaths = (
			);
			inputPaths = (
				"$TEMP_DIR/rswift-lastrun",
			);
			outputFileListPaths = (
			);
			outputPaths = (
				$SRCROOT/$PROJECT_NAME/R.generated.swift,
			);
			runOnlyForDeploymentPostprocessing = 0;
			shellPath = /bin/sh;
			shellScript = "\"$PODS_ROOT/R.swift/rswift\" generate \"$SRCROOT/$PROJECT_NAME/R.generated.swift\"\n";
		};
		8958D28122D98C14002337F3 /* ShellScript */ = {
			isa = PBXShellScriptBuildPhase;
			buildActionMask = 2147483647;
			files = (
			);
			inputFileListPaths = (
			);
			inputPaths = (
			);
			outputFileListPaths = (
			);
			outputPaths = (
			);
			runOnlyForDeploymentPostprocessing = 0;
			shellPath = /bin/sh;
			shellScript = "if which \"${PODS_ROOT}/SwiftLint/swiftlint\" >/dev/null; then\n    ${PODS_ROOT}/SwiftLint/swiftlint autocorrect\n    ${PODS_ROOT}/SwiftLint/swiftlint\nelse\n    echo \"warning: SwiftLint not installed, download from https://github.com/realm/SwiftLint\"\nfi\n";
		};
		B0A41933EADF612A646ABC02 /* [CP] Embed Pods Frameworks */ = {
			isa = PBXShellScriptBuildPhase;
			buildActionMask = 2147483647;
			files = (
			);
			inputFileListPaths = (
				"${PODS_ROOT}/Target Support Files/Pods-ems/Pods-ems-frameworks-${CONFIGURATION}-input-files.xcfilelist",
			);
			name = "[CP] Embed Pods Frameworks";
			outputFileListPaths = (
				"${PODS_ROOT}/Target Support Files/Pods-ems/Pods-ems-frameworks-${CONFIGURATION}-output-files.xcfilelist",
			);
			runOnlyForDeploymentPostprocessing = 0;
			shellPath = /bin/sh;
			shellScript = "\"${PODS_ROOT}/Target Support Files/Pods-ems/Pods-ems-frameworks.sh\"\n";
			showEnvVarsInLog = 0;
		};
		C05468590726340C9B6BEEDD /* [CP] Copy Pods Resources */ = {
			isa = PBXShellScriptBuildPhase;
			buildActionMask = 2147483647;
			files = (
			);
			inputFileListPaths = (
				"${PODS_ROOT}/Target Support Files/Pods-ems/Pods-ems-resources-${CONFIGURATION}-input-files.xcfilelist",
			);
			name = "[CP] Copy Pods Resources";
			outputFileListPaths = (
				"${PODS_ROOT}/Target Support Files/Pods-ems/Pods-ems-resources-${CONFIGURATION}-output-files.xcfilelist",
			);
			runOnlyForDeploymentPostprocessing = 0;
			shellPath = /bin/sh;
			shellScript = "\"${PODS_ROOT}/Target Support Files/Pods-ems/Pods-ems-resources.sh\"\n";
			showEnvVarsInLog = 0;
		};
		CAC592673BF663C5FC8B2A35 /* [CP] Check Pods Manifest.lock */ = {
			isa = PBXShellScriptBuildPhase;
			buildActionMask = 2147483647;
			files = (
			);
			inputFileListPaths = (
			);
			inputPaths = (
				"${PODS_PODFILE_DIR_PATH}/Podfile.lock",
				"${PODS_ROOT}/Manifest.lock",
			);
			name = "[CP] Check Pods Manifest.lock";
			outputFileListPaths = (
			);
			outputPaths = (
				"$(DERIVED_FILE_DIR)/Pods-emsTests-checkManifestLockResult.txt",
			);
			runOnlyForDeploymentPostprocessing = 0;
			shellPath = /bin/sh;
			shellScript = "diff \"${PODS_PODFILE_DIR_PATH}/Podfile.lock\" \"${PODS_ROOT}/Manifest.lock\" > /dev/null\nif [ $? != 0 ] ; then\n    # print error to STDERR\n    echo \"error: The sandbox is not in sync with the Podfile.lock. Run 'pod install' or update your CocoaPods installation.\" >&2\n    exit 1\nfi\n# This output is used by Xcode 'outputs' to avoid re-running this script phase.\necho \"SUCCESS\" > \"${SCRIPT_OUTPUT_FILE_0}\"\n";
			showEnvVarsInLog = 0;
		};
		CFDA9B603FBA649154DA4C12 /* ShellScript */ = {
			isa = PBXShellScriptBuildPhase;
			buildActionMask = 2147483647;
			files = (
			);
			inputFileListPaths = (
			);
			inputPaths = (
				"${PODS_ROOT}/Target Support Files/Pods-ems/Pods-ems-frameworks.sh",
				"${BUILT_PRODUCTS_DIR}/Alamofire/Alamofire.framework",
				"${BUILT_PRODUCTS_DIR}/BoringSSL-GRPC/openssl_grpc.framework",
				"${BUILT_PRODUCTS_DIR}/DynamicButton/DynamicButton.framework",
				"${BUILT_PRODUCTS_DIR}/GoogleUtilities/GoogleUtilities.framework",
				"${BUILT_PRODUCTS_DIR}/Material/Material.framework",
				"${BUILT_PRODUCTS_DIR}/Motion/Motion.framework",
				"${BUILT_PRODUCTS_DIR}/Moya/Moya.framework",
				"${BUILT_PRODUCTS_DIR}/Protobuf/Protobuf.framework",
				"${BUILT_PRODUCTS_DIR}/R.swift.Library/Rswift.framework",
				"${BUILT_PRODUCTS_DIR}/Result/Result.framework",
				"${BUILT_PRODUCTS_DIR}/SPPermission/SPPermission.framework",
				"${BUILT_PRODUCTS_DIR}/SVProgressHUD/SVProgressHUD.framework",
				"${BUILT_PRODUCTS_DIR}/SnapKit/SnapKit.framework",
				"${BUILT_PRODUCTS_DIR}/gRPC-C++/grpcpp.framework",
				"${BUILT_PRODUCTS_DIR}/gRPC-Core/grpc.framework",
				"${BUILT_PRODUCTS_DIR}/leveldb-library/leveldb.framework",
				"${BUILT_PRODUCTS_DIR}/nanopb/nanopb.framework",
			);
			runOnlyForDeploymentPostprocessing = 0;
			shellPath = /bin/sh;
			shellScript = "if which \"${PODS_ROOT}/SwiftLint/swiftlint\" >/dev/null; then\n    ${PODS_ROOT}/SwiftLint/swiftlint autocorrect\n    ${PODS_ROOT}/SwiftLint/swiftlint\nelse\n    echo \"warning: SwiftLint not installed, download from https://github.com/realm/SwiftLint\"\nfi\n";
		};
		EC83D46DFD9948B5290886F2 /* [CP] Check Pods Manifest.lock */ = {
			isa = PBXShellScriptBuildPhase;
			buildActionMask = 2147483647;
			files = (
			);
			inputFileListPaths = (
			);
			inputPaths = (
				"${PODS_PODFILE_DIR_PATH}/Podfile.lock",
				"${PODS_ROOT}/Manifest.lock",
			);
			name = "[CP] Check Pods Manifest.lock";
			outputFileListPaths = (
			);
			outputPaths = (
				"$(DERIVED_FILE_DIR)/Pods-ems-checkManifestLockResult.txt",
			);
			runOnlyForDeploymentPostprocessing = 0;
			shellPath = /bin/sh;
			shellScript = "diff \"${PODS_PODFILE_DIR_PATH}/Podfile.lock\" \"${PODS_ROOT}/Manifest.lock\" > /dev/null\nif [ $? != 0 ] ; then\n    # print error to STDERR\n    echo \"error: The sandbox is not in sync with the Podfile.lock. Run 'pod install' or update your CocoaPods installation.\" >&2\n    exit 1\nfi\n# This output is used by Xcode 'outputs' to avoid re-running this script phase.\necho \"SUCCESS\" > \"${SCRIPT_OUTPUT_FILE_0}\"\n";
			showEnvVarsInLog = 0;
		};
/* End PBXShellScriptBuildPhase section */

/* Begin PBXSourcesBuildPhase section */
		892BD7F322AFE590005DBA8F /* Sources */ = {
			isa = PBXSourcesBuildPhase;
			buildActionMask = 2147483647;
			files = (
				897AB95F22D03824006E1F70 /* InfoView.swift in Sources */,
				8995F3E222C8EB5A00830300 /* Bundle.swift in Sources */,
				892BD84922AFEC91005DBA8F /* UITextField.swift in Sources */,
				0B837B812352F76F006A6A95 /* ScanAssetCheckListViewController.swift in Sources */,
				8995F3D822C8A2F700830300 /* ProfileView.swift in Sources */,
				89AB156F22C752E7000632E4 /* Sound.swift in Sources */,
				89AB15E822C76F1B000632E4 /* ReaderOverlayView.swift in Sources */,
				8995F3D622C8A2E900830300 /* MenuView.swift in Sources */,
				892BD84522AFEC91005DBA8F /* UIViewController.swift in Sources */,
				89F9B74B23289A4A00F7C6EE /* Profile.swift in Sources */,
				8995F3D422C8A2DF00830300 /* SettingView.swift in Sources */,
				894BB3C8230E60D40055FD3D /* ScanInfoInputView.swift in Sources */,
				89AB15E422C76F1B000632E4 /* QRCodeReaderResult.swift in Sources */,
				8995F3CA22C8A1C800830300 /* SettingViewController.swift in Sources */,
				8958D28422D9A3C2002337F3 /* Constants.swift in Sources */,
				8995F3CE22C8A21200830300 /* ProfileViewController.swift in Sources */,
				892BD84022AFEC91005DBA8F /* UIButton.swift in Sources */,
				892BD84122AFEC91005DBA8F /* Class.swift in Sources */,
				89AB15E622C76F1B000632E4 /* QRCodeReaderViewController.swift in Sources */,
				892BD84222AFEC91005DBA8F /* UIBarButton.swift in Sources */,
				892BD7FD22AFE590005DBA8F /* ViewController.swift in Sources */,
				89B915F62399D28F0030E143 /* DateFormatter.swift in Sources */,
				0BD9A4B8238EC8C80085E9D0 /* AssetCheckView.swift in Sources */,
				892BD84822AFEC91005DBA8F /* UIFont.swift in Sources */,
				89AB156B22C72CB6000632E4 /* ScanViewController.swift in Sources */,
				892BD7FB22AFE590005DBA8F /* AppDelegate.swift in Sources */,
				0B837B7F2352F581006A6A95 /* ScanInfoInputViewController.swift in Sources */,
				0BD9A4BA238EC9740085E9D0 /* AssetCheckViewController.swift in Sources */,
				89B915F22399D1E90030E143 /* String.swift in Sources */,
				89B915EC2399CF1C0030E143 /* UIScrollView.swift in Sources */,
				892BD85522AFEE7D005DBA8F /* R.generated.swift in Sources */,
				89AB15E722C76F1B000632E4 /* ToggleTorchButton.swift in Sources */,
				0B90CC79235955400048715D /* RegisterView.swift in Sources */,
				89AB15E222C76F1B000632E4 /* QRCodeReaderViewControllerBuilder.swift in Sources */,
				892BD85722B33595005DBA8F /* HomeView.swift in Sources */,
				892BD84322AFEC91005DBA8F /* UICollectionView.swift in Sources */,
				89AB15DF22C76F1B000632E4 /* QRCodeReader.swift in Sources */,
				89B915F02399D0100030E143 /* Date.swift in Sources */,
				0B488CEE239BEBB7009B1CFD /* GoogleDriveFileListView.swift in Sources */,
				0B488CE8239AA612009B1CFD /* GoogleDriveView.swift in Sources */,
				0BC21818231BF16200D04E47 /* Dispatch.swift in Sources */,
				08EF48E32334753B0015F46C /* UDManager.swift in Sources */,
				892BD84622AFEC91005DBA8F /* CALayer.swift in Sources */,
				89B915EE2399CF480030E143 /* URL.swift in Sources */,
				0B49BEE1232BCB7A00215D86 /* AssetNames.swift in Sources */,
				0B49BEDF232BCB4E00215D86 /* Locations.swift in Sources */,
				0B3C9622235EC56F00D04982 /* Test.swift in Sources */,
				89AB156D22C72CC6000632E4 /* ScanView.swift in Sources */,
				89B915F42399D2490030E143 /* UIImage.swift in Sources */,
				892BD85322AFEE1D005DBA8F /* HomeViewController.swift in Sources */,
				0BB2865B22FC1F11007B4E9D /* DBStore.swift in Sources */,
				0B488CDE239A9C0A009B1CFD /* GoogleDriveWrapper.swift in Sources */,
				89AB15E322C76F1B000632E4 /* QRCodeReaderView.swift in Sources */,
				0BB2865E22FE529B007B4E9D /* Assets.swift in Sources */,
				892BD83E22AFEC91005DBA8F /* UIApplication.swift in Sources */,
				0B488CEC239BEB8E009B1CFD /* GoogleDriveFileListViewController.swift in Sources */,
				892BD84422AFEC91005DBA8F /* UIColor.swift in Sources */,
				0B488CF2239D2119009B1CFD /* GoogleDriveEnum.swift in Sources */,
				89AB15E522C76F1B000632E4 /* SwitchCameraButton.swift in Sources */,
				0B0C291D233DC80F000C1172 /* ScanAssetCheckList.swift in Sources */,
				89AB15E122C76F1B000632E4 /* QRCodeReaderViewContainer.swift in Sources */,
				0B49BEDB232BC98500215D86 /* Person.swift in Sources */,
				892BD83F22AFEC91005DBA8F /* Array.swift in Sources */,
				892BD85922B35C75005DBA8F /* LoadingShimmer.swift in Sources */,
				8995F3CC22C8A1F300830300 /* MenuViewController.swift in Sources */,
				89AB15E022C76F1B000632E4 /* QRCodeReaderViewControllerDelegate.swift in Sources */,
				0B90CC772359535F0048715D /* RegisterViewController.swift in Sources */,
				0B28258A23323E9400892912 /* Document.swift in Sources */,
				892BD84722AFEC91005DBA8F /* UIView.swift in Sources */,
				0BCDE7502397F4C80050186B /* PickerView.swift in Sources */,
				8995F3E022C8EB2C00830300 /* UIDevice.swift in Sources */,
				8995F3C822C8905800830300 /* Permission.swift in Sources */,
			);
			runOnlyForDeploymentPostprocessing = 0;
		};
		892BD80722AFE591005DBA8F /* Sources */ = {
			isa = PBXSourcesBuildPhase;
			buildActionMask = 2147483647;
			files = (
				892BD81022AFE591005DBA8F /* emsTests.swift in Sources */,
			);
			runOnlyForDeploymentPostprocessing = 0;
		};
		892BD81222AFE591005DBA8F /* Sources */ = {
			isa = PBXSourcesBuildPhase;
			buildActionMask = 2147483647;
			files = (
				892BD81B22AFE591005DBA8F /* emsUITests.swift in Sources */,
			);
			runOnlyForDeploymentPostprocessing = 0;
		};
/* End PBXSourcesBuildPhase section */

/* Begin PBXTargetDependency section */
		892BD80D22AFE591005DBA8F /* PBXTargetDependency */ = {
			isa = PBXTargetDependency;
			target = 892BD7F622AFE590005DBA8F /* ems */;
			targetProxy = 892BD80C22AFE591005DBA8F /* PBXContainerItemProxy */;
		};
		892BD81822AFE591005DBA8F /* PBXTargetDependency */ = {
			isa = PBXTargetDependency;
			target = 892BD7F622AFE590005DBA8F /* ems */;
			targetProxy = 892BD81722AFE591005DBA8F /* PBXContainerItemProxy */;
		};
/* End PBXTargetDependency section */

/* Begin PBXVariantGroup section */
		892BD80322AFE591005DBA8F /* LaunchScreen.storyboard */ = {
			isa = PBXVariantGroup;
			children = (
				892BD80422AFE591005DBA8F /* Base */,
				892BD85022AFEDC7005DBA8F /* ja */,
			);
			name = LaunchScreen.storyboard;
			sourceTree = "<group>";
		};
		892BD84F22AFEDA5005DBA8F /* Localized.strings */ = {
			isa = PBXVariantGroup;
			children = (
				892BD84E22AFEDA5005DBA8F /* en */,
				892BD85122AFEDC7005DBA8F /* ja */,
			);
			name = Localized.strings;
			sourceTree = "<group>";
		};
/* End PBXVariantGroup section */

/* Begin XCBuildConfiguration section */
		892BD81D22AFE591005DBA8F /* Debug */ = {
			isa = XCBuildConfiguration;
			buildSettings = {
				ALWAYS_SEARCH_USER_PATHS = NO;
				CLANG_ANALYZER_LOCALIZABILITY_NONLOCALIZED = YES;
				CLANG_ANALYZER_NONNULL = YES;
				CLANG_ANALYZER_NUMBER_OBJECT_CONVERSION = YES_AGGRESSIVE;
				CLANG_CXX_LANGUAGE_STANDARD = "gnu++14";
				CLANG_CXX_LIBRARY = "libc++";
				CLANG_ENABLE_MODULES = YES;
				CLANG_ENABLE_OBJC_ARC = YES;
				CLANG_ENABLE_OBJC_WEAK = YES;
				CLANG_WARN_BLOCK_CAPTURE_AUTORELEASING = YES;
				CLANG_WARN_BOOL_CONVERSION = YES;
				CLANG_WARN_COMMA = YES;
				CLANG_WARN_CONSTANT_CONVERSION = YES;
				CLANG_WARN_DEPRECATED_OBJC_IMPLEMENTATIONS = YES;
				CLANG_WARN_DIRECT_OBJC_ISA_USAGE = YES_ERROR;
				CLANG_WARN_DOCUMENTATION_COMMENTS = YES;
				CLANG_WARN_EMPTY_BODY = YES;
				CLANG_WARN_ENUM_CONVERSION = YES;
				CLANG_WARN_INFINITE_RECURSION = YES;
				CLANG_WARN_INT_CONVERSION = YES;
				CLANG_WARN_NON_LITERAL_NULL_CONVERSION = YES;
				CLANG_WARN_OBJC_IMPLICIT_RETAIN_SELF = YES;
				CLANG_WARN_OBJC_LITERAL_CONVERSION = YES;
				CLANG_WARN_OBJC_ROOT_CLASS = YES_ERROR;
				CLANG_WARN_RANGE_LOOP_ANALYSIS = YES;
				CLANG_WARN_STRICT_PROTOTYPES = YES;
				CLANG_WARN_SUSPICIOUS_MOVE = YES;
				CLANG_WARN_UNGUARDED_AVAILABILITY = YES_AGGRESSIVE;
				CLANG_WARN_UNREACHABLE_CODE = YES;
				CLANG_WARN__DUPLICATE_METHOD_MATCH = YES;
				CODE_SIGN_IDENTITY = "iPhone Developer";
				COPY_PHASE_STRIP = NO;
				DEBUG_INFORMATION_FORMAT = dwarf;
				ENABLE_STRICT_OBJC_MSGSEND = YES;
				ENABLE_TESTABILITY = YES;
				GCC_C_LANGUAGE_STANDARD = gnu11;
				GCC_DYNAMIC_NO_PIC = NO;
				GCC_NO_COMMON_BLOCKS = YES;
				GCC_OPTIMIZATION_LEVEL = 0;
				GCC_PREPROCESSOR_DEFINITIONS = (
					"DEBUG=1",
					"$(inherited)",
				);
				GCC_WARN_64_TO_32_BIT_CONVERSION = YES;
				GCC_WARN_ABOUT_RETURN_TYPE = YES_ERROR;
				GCC_WARN_UNDECLARED_SELECTOR = YES;
				GCC_WARN_UNINITIALIZED_AUTOS = YES_AGGRESSIVE;
				GCC_WARN_UNUSED_FUNCTION = YES;
				GCC_WARN_UNUSED_VARIABLE = YES;
				IPHONEOS_DEPLOYMENT_TARGET = 12.2;
				MTL_ENABLE_DEBUG_INFO = INCLUDE_SOURCE;
				MTL_FAST_MATH = YES;
				ONLY_ACTIVE_ARCH = YES;
				SDKROOT = iphoneos;
				SWIFT_ACTIVE_COMPILATION_CONDITIONS = DEBUG;
				SWIFT_OPTIMIZATION_LEVEL = "-Onone";
			};
			name = Debug;
		};
		892BD81E22AFE591005DBA8F /* Release */ = {
			isa = XCBuildConfiguration;
			buildSettings = {
				ALWAYS_SEARCH_USER_PATHS = NO;
				CLANG_ANALYZER_LOCALIZABILITY_NONLOCALIZED = YES;
				CLANG_ANALYZER_NONNULL = YES;
				CLANG_ANALYZER_NUMBER_OBJECT_CONVERSION = YES_AGGRESSIVE;
				CLANG_CXX_LANGUAGE_STANDARD = "gnu++14";
				CLANG_CXX_LIBRARY = "libc++";
				CLANG_ENABLE_MODULES = YES;
				CLANG_ENABLE_OBJC_ARC = YES;
				CLANG_ENABLE_OBJC_WEAK = YES;
				CLANG_WARN_BLOCK_CAPTURE_AUTORELEASING = YES;
				CLANG_WARN_BOOL_CONVERSION = YES;
				CLANG_WARN_COMMA = YES;
				CLANG_WARN_CONSTANT_CONVERSION = YES;
				CLANG_WARN_DEPRECATED_OBJC_IMPLEMENTATIONS = YES;
				CLANG_WARN_DIRECT_OBJC_ISA_USAGE = YES_ERROR;
				CLANG_WARN_DOCUMENTATION_COMMENTS = YES;
				CLANG_WARN_EMPTY_BODY = YES;
				CLANG_WARN_ENUM_CONVERSION = YES;
				CLANG_WARN_INFINITE_RECURSION = YES;
				CLANG_WARN_INT_CONVERSION = YES;
				CLANG_WARN_NON_LITERAL_NULL_CONVERSION = YES;
				CLANG_WARN_OBJC_IMPLICIT_RETAIN_SELF = YES;
				CLANG_WARN_OBJC_LITERAL_CONVERSION = YES;
				CLANG_WARN_OBJC_ROOT_CLASS = YES_ERROR;
				CLANG_WARN_RANGE_LOOP_ANALYSIS = YES;
				CLANG_WARN_STRICT_PROTOTYPES = YES;
				CLANG_WARN_SUSPICIOUS_MOVE = YES;
				CLANG_WARN_UNGUARDED_AVAILABILITY = YES_AGGRESSIVE;
				CLANG_WARN_UNREACHABLE_CODE = YES;
				CLANG_WARN__DUPLICATE_METHOD_MATCH = YES;
				CODE_SIGN_IDENTITY = "iPhone Developer";
				COPY_PHASE_STRIP = NO;
				DEBUG_INFORMATION_FORMAT = "dwarf-with-dsym";
				ENABLE_NS_ASSERTIONS = NO;
				ENABLE_STRICT_OBJC_MSGSEND = YES;
				GCC_C_LANGUAGE_STANDARD = gnu11;
				GCC_NO_COMMON_BLOCKS = YES;
				GCC_WARN_64_TO_32_BIT_CONVERSION = YES;
				GCC_WARN_ABOUT_RETURN_TYPE = YES_ERROR;
				GCC_WARN_UNDECLARED_SELECTOR = YES;
				GCC_WARN_UNINITIALIZED_AUTOS = YES_AGGRESSIVE;
				GCC_WARN_UNUSED_FUNCTION = YES;
				GCC_WARN_UNUSED_VARIABLE = YES;
				IPHONEOS_DEPLOYMENT_TARGET = 12.2;
				MTL_ENABLE_DEBUG_INFO = NO;
				MTL_FAST_MATH = YES;
				SDKROOT = iphoneos;
				SWIFT_COMPILATION_MODE = wholemodule;
				SWIFT_OPTIMIZATION_LEVEL = "-O";
				VALIDATE_PRODUCT = YES;
			};
			name = Release;
		};
		892BD82022AFE591005DBA8F /* Debug */ = {
			isa = XCBuildConfiguration;
			baseConfigurationReference = E2E91AC426A9D322CBAD8691 /* Pods-ems.debug.xcconfig */;
			buildSettings = {
				ASSETCATALOG_COMPILER_APPICON_NAME = AppIcon;
				CODE_SIGN_STYLE = Automatic;
				DEVELOPMENT_TEAM = Z6ZF6BB944;
				INFOPLIST_FILE = ems/Info.plist;
				LD_RUNPATH_SEARCH_PATHS = (
					"$(inherited)",
					"@executable_path/Frameworks",
				);
				PRODUCT_BUNDLE_IDENTIFIER = RaiRaiRaise.org.ems.hira;
				PRODUCT_NAME = "$(TARGET_NAME)";
				SWIFT_VERSION = 5.0;
				TARGETED_DEVICE_FAMILY = "1,2";
			};
			name = Debug;
		};
		892BD82122AFE591005DBA8F /* Release */ = {
			isa = XCBuildConfiguration;
			baseConfigurationReference = 6F0E5270DC178AD427E8CA79 /* Pods-ems.release.xcconfig */;
			buildSettings = {
				ASSETCATALOG_COMPILER_APPICON_NAME = AppIcon;
				CODE_SIGN_STYLE = Automatic;
				DEVELOPMENT_TEAM = Z6ZF6BB944;
				INFOPLIST_FILE = ems/Info.plist;
				LD_RUNPATH_SEARCH_PATHS = (
					"$(inherited)",
					"@executable_path/Frameworks",
				);
				PRODUCT_BUNDLE_IDENTIFIER = RaiRaiRaise.org.ems.hira;
				PRODUCT_NAME = "$(TARGET_NAME)";
				SWIFT_VERSION = 5.0;
				TARGETED_DEVICE_FAMILY = "1,2";
			};
			name = Release;
		};
		892BD82322AFE591005DBA8F /* Debug */ = {
			isa = XCBuildConfiguration;
			baseConfigurationReference = 6C614BB163C8E3439504BFD3 /* Pods-emsTests.debug.xcconfig */;
			buildSettings = {
				ALWAYS_EMBED_SWIFT_STANDARD_LIBRARIES = YES;
				BUNDLE_LOADER = "$(TEST_HOST)";
				CODE_SIGN_STYLE = Automatic;
				DEVELOPMENT_TEAM = Z6ZF6BB944;
				INFOPLIST_FILE = emsTests/Info.plist;
				LD_RUNPATH_SEARCH_PATHS = (
					"$(inherited)",
					"@executable_path/Frameworks",
					"@loader_path/Frameworks",
				);
				PRODUCT_BUNDLE_IDENTIFIER = RaiRaiRaise.org.emsTests;
				PRODUCT_NAME = "$(TARGET_NAME)";
				SWIFT_VERSION = 5.0;
				TARGETED_DEVICE_FAMILY = "1,2";
				TEST_HOST = "$(BUILT_PRODUCTS_DIR)/ems.app/ems";
			};
			name = Debug;
		};
		892BD82422AFE591005DBA8F /* Release */ = {
			isa = XCBuildConfiguration;
			baseConfigurationReference = 26362FB96B0638E2844B51AA /* Pods-emsTests.release.xcconfig */;
			buildSettings = {
				ALWAYS_EMBED_SWIFT_STANDARD_LIBRARIES = YES;
				BUNDLE_LOADER = "$(TEST_HOST)";
				CODE_SIGN_STYLE = Automatic;
				DEVELOPMENT_TEAM = Z6ZF6BB944;
				INFOPLIST_FILE = emsTests/Info.plist;
				LD_RUNPATH_SEARCH_PATHS = (
					"$(inherited)",
					"@executable_path/Frameworks",
					"@loader_path/Frameworks",
				);
				PRODUCT_BUNDLE_IDENTIFIER = RaiRaiRaise.org.emsTests;
				PRODUCT_NAME = "$(TARGET_NAME)";
				SWIFT_VERSION = 5.0;
				TARGETED_DEVICE_FAMILY = "1,2";
				TEST_HOST = "$(BUILT_PRODUCTS_DIR)/ems.app/ems";
			};
			name = Release;
		};
		892BD82622AFE591005DBA8F /* Debug */ = {
			isa = XCBuildConfiguration;
			baseConfigurationReference = A4A3716338A6F7D6BDE2CA8D /* Pods-emsUITests.debug.xcconfig */;
			buildSettings = {
				ALWAYS_EMBED_SWIFT_STANDARD_LIBRARIES = YES;
				CODE_SIGN_STYLE = Automatic;
				DEVELOPMENT_TEAM = Z6ZF6BB944;
				INFOPLIST_FILE = emsUITests/Info.plist;
				LD_RUNPATH_SEARCH_PATHS = (
					"$(inherited)",
					"@executable_path/Frameworks",
					"@loader_path/Frameworks",
				);
				PRODUCT_BUNDLE_IDENTIFIER = RaiRaiRaise.org.emsUITests;
				PRODUCT_NAME = "$(TARGET_NAME)";
				SWIFT_VERSION = 5.0;
				TARGETED_DEVICE_FAMILY = "1,2";
				TEST_TARGET_NAME = ems;
			};
			name = Debug;
		};
		892BD82722AFE591005DBA8F /* Release */ = {
			isa = XCBuildConfiguration;
			baseConfigurationReference = 5691E8B90680485099DE6AD4 /* Pods-emsUITests.release.xcconfig */;
			buildSettings = {
				ALWAYS_EMBED_SWIFT_STANDARD_LIBRARIES = YES;
				CODE_SIGN_STYLE = Automatic;
				DEVELOPMENT_TEAM = Z6ZF6BB944;
				INFOPLIST_FILE = emsUITests/Info.plist;
				LD_RUNPATH_SEARCH_PATHS = (
					"$(inherited)",
					"@executable_path/Frameworks",
					"@loader_path/Frameworks",
				);
				PRODUCT_BUNDLE_IDENTIFIER = RaiRaiRaise.org.emsUITests;
				PRODUCT_NAME = "$(TARGET_NAME)";
				SWIFT_VERSION = 5.0;
				TARGETED_DEVICE_FAMILY = "1,2";
				TEST_TARGET_NAME = ems;
			};
			name = Release;
		};
/* End XCBuildConfiguration section */

/* Begin XCConfigurationList section */
		892BD7F222AFE590005DBA8F /* Build configuration list for PBXProject "ems" */ = {
			isa = XCConfigurationList;
			buildConfigurations = (
				892BD81D22AFE591005DBA8F /* Debug */,
				892BD81E22AFE591005DBA8F /* Release */,
			);
			defaultConfigurationIsVisible = 0;
			defaultConfigurationName = Release;
		};
		892BD81F22AFE591005DBA8F /* Build configuration list for PBXNativeTarget "ems" */ = {
			isa = XCConfigurationList;
			buildConfigurations = (
				892BD82022AFE591005DBA8F /* Debug */,
				892BD82122AFE591005DBA8F /* Release */,
			);
			defaultConfigurationIsVisible = 0;
			defaultConfigurationName = Release;
		};
		892BD82222AFE591005DBA8F /* Build configuration list for PBXNativeTarget "emsTests" */ = {
			isa = XCConfigurationList;
			buildConfigurations = (
				892BD82322AFE591005DBA8F /* Debug */,
				892BD82422AFE591005DBA8F /* Release */,
			);
			defaultConfigurationIsVisible = 0;
			defaultConfigurationName = Release;
		};
		892BD82522AFE591005DBA8F /* Build configuration list for PBXNativeTarget "emsUITests" */ = {
			isa = XCConfigurationList;
			buildConfigurations = (
				892BD82622AFE591005DBA8F /* Debug */,
				892BD82722AFE591005DBA8F /* Release */,
			);
			defaultConfigurationIsVisible = 0;
			defaultConfigurationName = Release;
		};
/* End XCConfigurationList section */
	};
	rootObject = 892BD7EF22AFE590005DBA8F /* Project object */;
}
