PODS:
  - Alamofire (4.8.2)
  - Moya (13.0.1):
    - Moya/Core (= 13.0.1)
  - Moya/Core (13.0.1):
    - Alamofire (~> 4.1)
    - Result (~> 4.1)
  - R.swift (5.0.3):
    - R.swift.Library (~> 5.0.0)
  - R.swift.Library (5.0.1)
  - Result (4.1.0)
  - SnapKit (5.0.0)
  - SVProgressHUD (2.2.5)

DEPENDENCIES:
  - Moya (~> 13.0)
  - R.swift (~> 5.0.3)
  - SnapKit (~> 5.0.0)
  - SVProgressHUD (~> 2.2.5)

SPEC REPOS:
  https://github.com/cocoapods/specs.git:
    - Alamofire
    - Moya
    - R.swift
    - R.swift.Library
    - Result
    - SnapKit
    - SVProgressHUD

SPEC CHECKSUMS:
  Alamofire: ae5c501addb7afdbb13687d7f2f722c78734c2d3
  Moya: f4a4b80ff2f8a4ffc208dfb31cd91636622fee6e
  R.swift: f5a87643b91ea569d23d6afb3eee9c743edde239
  R.swift.Library: cfe85d569d9bae6cb262922db130e7c3a7a5fad1
  Result: bd966fac789cc6c1563440b348ab2598cc24d5c7
  SnapKit: fd22d10eb9aff484d79a8724eab922c1ddf89bcf
  SVProgressHUD: 1428aafac632c1f86f62aa4243ec12008d7a51d6

PODFILE CHECKSUM: 3bae5612e15376acd04e40113ed8fe8b33762f01

COCOAPODS: 1.5.3
